// !$*UTF8*$!
{
	archiveVersion = 1;
	classes = {
	};
	objectVersion = 46;
	objects = {

/* Begin PBXBuildFile section */
		FA924D071B45D3A1003EE11E /* main.m in Sources */ = {isa = PBXBuildFile; fileRef = FA924D061B45D3A1003EE11E /* main.m */; };
		FA924D0A1B45D3A1003EE11E /* AppDelegate.m in Sources */ = {isa = PBXBuildFile; fileRef = FA924D091B45D3A1003EE11E /* AppDelegate.m */; };
		FA924D101B45D3A1003EE11E /* Main.storyboard in Resources */ = {isa = PBXBuildFile; fileRef = FA924D0E1B45D3A1003EE11E /* Main.storyboard */; };
		FA924D121B45D3A1003EE11E /* Images.xcassets in Resources */ = {isa = PBXBuildFile; fileRef = FA924D111B45D3A1003EE11E /* Images.xcassets */; };
		FA924D151B45D3A1003EE11E /* LaunchScreen.xib in Resources */ = {isa = PBXBuildFile; fileRef = FA924D131B45D3A1003EE11E /* LaunchScreen.xib */; };
		FA924D211B45D3A2003EE11E /* BlocSpotTests.m in Sources */ = {isa = PBXBuildFile; fileRef = FA924D201B45D3A2003EE11E /* BlocSpotTests.m */; };
		FA924D2C1B45D4BE003EE11E /* TableViewController.m in Sources */ = {isa = PBXBuildFile; fileRef = FA924D2B1B45D4BE003EE11E /* TableViewController.m */; };
		FA924D2E1B45D7A4003EE11E /* MapKit.framework in Frameworks */ = {isa = PBXBuildFile; fileRef = FA924D2D1B45D7A4003EE11E /* MapKit.framework */; };
		FA924D341B45DAB0003EE11E /* MapViewController.m in Sources */ = {isa = PBXBuildFile; fileRef = FA924D331B45DAB0003EE11E /* MapViewController.m */; };
		FA924D3A1B460ADC003EE11E /* DataSource.m in Sources */ = {isa = PBXBuildFile; fileRef = FA924D391B460ADC003EE11E /* DataSource.m */; };
		FADB403D1B4C5EBF00C02DA2 /* Search.m in Sources */ = {isa = PBXBuildFile; fileRef = FADB403C1B4C5EBF00C02DA2 /* Search.m */; };
		FADB40401B4C5EE900C02DA2 /* Categories.m in Sources */ = {isa = PBXBuildFile; fileRef = FADB403F1B4C5EE900C02DA2 /* Categories.m */; };
		FADB40431B4C5F0600C02DA2 /* Note.m in Sources */ = {isa = PBXBuildFile; fileRef = FADB40421B4C5F0600C02DA2 /* Note.m */; };
		FADB40461B4C5F6D00C02DA2 /* CategoryViewController.m in Sources */ = {isa = PBXBuildFile; fileRef = FADB40451B4C5F6D00C02DA2 /* CategoryViewController.m */; };
		FADB404F1B4C6B8D00C02DA2 /* Annotation.m in Sources */ = {isa = PBXBuildFile; fileRef = FADB404E1B4C6B8D00C02DA2 /* Annotation.m */; };
		FADEBCE81B544C1700D65F38 /* GoogleSearchController.m in Sources */ = {isa = PBXBuildFile; fileRef = FADEBCE71B544C1700D65F38 /* GoogleSearchController.m */; };
		FAE3F4271B4F06D000585FF8 /* DetailViewController.m in Sources */ = {isa = PBXBuildFile; fileRef = FAE3F4261B4F06D000585FF8 /* DetailViewController.m */; };
/* End PBXBuildFile section */

/* Begin PBXContainerItemProxy section */
		FA924D1B1B45D3A1003EE11E /* PBXContainerItemProxy */ = {
			isa = PBXContainerItemProxy;
			containerPortal = FA924CF91B45D3A1003EE11E /* Project object */;
			proxyType = 1;
			remoteGlobalIDString = FA924D001B45D3A1003EE11E;
			remoteInfo = BlocSpot;
		};
/* End PBXContainerItemProxy section */

/* Begin PBXFileReference section */
		FA924D011B45D3A1003EE11E /* BlocSpot.app */ = {isa = PBXFileReference; explicitFileType = wrapper.application; includeInIndex = 0; path = BlocSpot.app; sourceTree = BUILT_PRODUCTS_DIR; };
		FA924D051B45D3A1003EE11E /* Info.plist */ = {isa = PBXFileReference; lastKnownFileType = text.plist.xml; path = Info.plist; sourceTree = "<group>"; };
		FA924D061B45D3A1003EE11E /* main.m */ = {isa = PBXFileReference; lastKnownFileType = sourcecode.c.objc; path = main.m; sourceTree = "<group>"; };
		FA924D081B45D3A1003EE11E /* AppDelegate.h */ = {isa = PBXFileReference; lastKnownFileType = sourcecode.c.h; path = AppDelegate.h; sourceTree = "<group>"; };
		FA924D091B45D3A1003EE11E /* AppDelegate.m */ = {isa = PBXFileReference; lastKnownFileType = sourcecode.c.objc; path = AppDelegate.m; sourceTree = "<group>"; };
		FA924D0F1B45D3A1003EE11E /* Base */ = {isa = PBXFileReference; lastKnownFileType = file.storyboard; name = Base; path = Base.lproj/Main.storyboard; sourceTree = "<group>"; };
		FA924D111B45D3A1003EE11E /* Images.xcassets */ = {isa = PBXFileReference; lastKnownFileType = folder.assetcatalog; path = Images.xcassets; sourceTree = "<group>"; };
		FA924D141B45D3A1003EE11E /* Base */ = {isa = PBXFileReference; lastKnownFileType = file.xib; name = Base; path = Base.lproj/LaunchScreen.xib; sourceTree = "<group>"; };
		FA924D1A1B45D3A1003EE11E /* BlocSpotTests.xctest */ = {isa = PBXFileReference; explicitFileType = wrapper.cfbundle; includeInIndex = 0; path = BlocSpotTests.xctest; sourceTree = BUILT_PRODUCTS_DIR; };
		FA924D1F1B45D3A1003EE11E /* Info.plist */ = {isa = PBXFileReference; lastKnownFileType = text.plist.xml; path = Info.plist; sourceTree = "<group>"; };
		FA924D201B45D3A2003EE11E /* BlocSpotTests.m */ = {isa = PBXFileReference; lastKnownFileType = sourcecode.c.objc; path = BlocSpotTests.m; sourceTree = "<group>"; };
		FA924D2A1B45D4BE003EE11E /* TableViewController.h */ = {isa = PBXFileReference; fileEncoding = 4; lastKnownFileType = sourcecode.c.h; path = TableViewController.h; sourceTree = "<group>"; };
		FA924D2B1B45D4BE003EE11E /* TableViewController.m */ = {isa = PBXFileReference; fileEncoding = 4; lastKnownFileType = sourcecode.c.objc; path = TableViewController.m; sourceTree = "<group>"; };
		FA924D2D1B45D7A4003EE11E /* MapKit.framework */ = {isa = PBXFileReference; lastKnownFileType = wrapper.framework; name = MapKit.framework; path = System/Library/Frameworks/MapKit.framework; sourceTree = SDKROOT; };
		FA924D321B45DAB0003EE11E /* MapViewController.h */ = {isa = PBXFileReference; fileEncoding = 4; lastKnownFileType = sourcecode.c.h; path = MapViewController.h; sourceTree = "<group>"; };
		FA924D331B45DAB0003EE11E /* MapViewController.m */ = {isa = PBXFileReference; fileEncoding = 4; lastKnownFileType = sourcecode.c.objc; path = MapViewController.m; sourceTree = "<group>"; };
		FA924D381B460ADC003EE11E /* DataSource.h */ = {isa = PBXFileReference; fileEncoding = 4; lastKnownFileType = sourcecode.c.h; path = DataSource.h; sourceTree = "<group>"; };
		FA924D391B460ADC003EE11E /* DataSource.m */ = {isa = PBXFileReference; fileEncoding = 4; lastKnownFileType = sourcecode.c.objc; path = DataSource.m; sourceTree = "<group>"; };
		FADB403B1B4C5EBF00C02DA2 /* Search.h */ = {isa = PBXFileReference; fileEncoding = 4; lastKnownFileType = sourcecode.c.h; path = Search.h; sourceTree = "<group>"; };
		FADB403C1B4C5EBF00C02DA2 /* Search.m */ = {isa = PBXFileReference; fileEncoding = 4; lastKnownFileType = sourcecode.c.objc; path = Search.m; sourceTree = "<group>"; };
		FADB403E1B4C5EE900C02DA2 /* Categories.h */ = {isa = PBXFileReference; fileEncoding = 4; lastKnownFileType = sourcecode.c.h; path = Categories.h; sourceTree = "<group>"; };
		FADB403F1B4C5EE900C02DA2 /* Categories.m */ = {isa = PBXFileReference; fileEncoding = 4; lastKnownFileType = sourcecode.c.objc; path = Categories.m; sourceTree = "<group>"; };
		FADB40411B4C5F0600C02DA2 /* Note.h */ = {isa = PBXFileReference; fileEncoding = 4; lastKnownFileType = sourcecode.c.h; path = Note.h; sourceTree = "<group>"; };
		FADB40421B4C5F0600C02DA2 /* Note.m */ = {isa = PBXFileReference; fileEncoding = 4; lastKnownFileType = sourcecode.c.objc; path = Note.m; sourceTree = "<group>"; };
		FADB40441B4C5F6D00C02DA2 /* CategoryViewController.h */ = {isa = PBXFileReference; fileEncoding = 4; lastKnownFileType = sourcecode.c.h; path = CategoryViewController.h; sourceTree = "<group>"; };
		FADB40451B4C5F6D00C02DA2 /* CategoryViewController.m */ = {isa = PBXFileReference; fileEncoding = 4; lastKnownFileType = sourcecode.c.objc; path = CategoryViewController.m; sourceTree = "<group>"; };
		FADB404D1B4C6B8D00C02DA2 /* Annotation.h */ = {isa = PBXFileReference; fileEncoding = 4; lastKnownFileType = sourcecode.c.h; path = Annotation.h; sourceTree = "<group>"; };
		FADB404E1B4C6B8D00C02DA2 /* Annotation.m */ = {isa = PBXFileReference; fileEncoding = 4; lastKnownFileType = sourcecode.c.objc; path = Annotation.m; sourceTree = "<group>"; };
		FADEBCE61B544C1700D65F38 /* GoogleSearchController.h */ = {isa = PBXFileReference; fileEncoding = 4; lastKnownFileType = sourcecode.c.h; path = GoogleSearchController.h; sourceTree = "<group>"; };
		FADEBCE71B544C1700D65F38 /* GoogleSearchController.m */ = {isa = PBXFileReference; fileEncoding = 4; lastKnownFileType = sourcecode.c.objc; path = GoogleSearchController.m; sourceTree = "<group>"; };
		FAE3F4251B4F06D000585FF8 /* DetailViewController.h */ = {isa = PBXFileReference; fileEncoding = 4; lastKnownFileType = sourcecode.c.h; path = DetailViewController.h; sourceTree = "<group>"; };
		FAE3F4261B4F06D000585FF8 /* DetailViewController.m */ = {isa = PBXFileReference; fileEncoding = 4; lastKnownFileType = sourcecode.c.objc; path = DetailViewController.m; sourceTree = "<group>"; };
/* End PBXFileReference section */

/* Begin PBXFrameworksBuildPhase section */
		FA924CFE1B45D3A1003EE11E /* Frameworks */ = {
			isa = PBXFrameworksBuildPhase;
			buildActionMask = 2147483647;
			files = (
				FA924D2E1B45D7A4003EE11E /* MapKit.framework in Frameworks */,
			);
			runOnlyForDeploymentPostprocessing = 0;
		};
		FA924D171B45D3A1003EE11E /* Frameworks */ = {
			isa = PBXFrameworksBuildPhase;
			buildActionMask = 2147483647;
			files = (
			);
			runOnlyForDeploymentPostprocessing = 0;
		};
/* End PBXFrameworksBuildPhase section */

/* Begin PBXGroup section */
		FA924CF81B45D3A1003EE11E = {
			isa = PBXGroup;
			children = (
				FA924D2D1B45D7A4003EE11E /* MapKit.framework */,
				FA924D031B45D3A1003EE11E /* BlocSpot */,
				FA924D1D1B45D3A1003EE11E /* BlocSpotTests */,
				FA924D021B45D3A1003EE11E /* Products */,
			);
			sourceTree = "<group>";
		};
		FA924D021B45D3A1003EE11E /* Products */ = {
			isa = PBXGroup;
			children = (
				FA924D011B45D3A1003EE11E /* BlocSpot.app */,
				FA924D1A1B45D3A1003EE11E /* BlocSpotTests.xctest */,
			);
			name = Products;
			sourceTree = "<group>";
		};
		FA924D031B45D3A1003EE11E /* BlocSpot */ = {
			isa = PBXGroup;
			children = (
				FA924D081B45D3A1003EE11E /* AppDelegate.h */,
				FA924D091B45D3A1003EE11E /* AppDelegate.m */,
				FADB404D1B4C6B8D00C02DA2 /* Annotation.h */,
				FADB404E1B4C6B8D00C02DA2 /* Annotation.m */,
				FADB403E1B4C5EE900C02DA2 /* Categories.h */,
				FADB403F1B4C5EE900C02DA2 /* Categories.m */,
				FADB40441B4C5F6D00C02DA2 /* CategoryViewController.h */,
				FADB40451B4C5F6D00C02DA2 /* CategoryViewController.m */,
				FA924D381B460ADC003EE11E /* DataSource.h */,
				FA924D391B460ADC003EE11E /* DataSource.m */,
				FAE3F4251B4F06D000585FF8 /* DetailViewController.h */,
				FAE3F4261B4F06D000585FF8 /* DetailViewController.m */,
				FADEBCE61B544C1700D65F38 /* GoogleSearchController.h */,
				FADEBCE71B544C1700D65F38 /* GoogleSearchController.m */,
				FA924D321B45DAB0003EE11E /* MapViewController.h */,
				FA924D331B45DAB0003EE11E /* MapViewController.m */,
				FADB40411B4C5F0600C02DA2 /* Note.h */,
				FADB40421B4C5F0600C02DA2 /* Note.m */,
				FADB403B1B4C5EBF00C02DA2 /* Search.h */,
				FADB403C1B4C5EBF00C02DA2 /* Search.m */,
				FA924D2A1B45D4BE003EE11E /* TableViewController.h */,
				FA924D2B1B45D4BE003EE11E /* TableViewController.m */,
				FA924D0E1B45D3A1003EE11E /* Main.storyboard */,
				FA924D111B45D3A1003EE11E /* Images.xcassets */,
				FA924D131B45D3A1003EE11E /* LaunchScreen.xib */,
				FA924D041B45D3A1003EE11E /* Supporting Files */,
			);
			path = BlocSpot;
			sourceTree = "<group>";
		};
		FA924D041B45D3A1003EE11E /* Supporting Files */ = {
			isa = PBXGroup;
			children = (
				FA924D051B45D3A1003EE11E /* Info.plist */,
				FA924D061B45D3A1003EE11E /* main.m */,
			);
			name = "Supporting Files";
			sourceTree = "<group>";
		};
		FA924D1D1B45D3A1003EE11E /* BlocSpotTests */ = {
			isa = PBXGroup;
			children = (
				FA924D201B45D3A2003EE11E /* BlocSpotTests.m */,
				FA924D1E1B45D3A1003EE11E /* Supporting Files */,
			);
			path = BlocSpotTests;
			sourceTree = "<group>";
		};
		FA924D1E1B45D3A1003EE11E /* Supporting Files */ = {
			isa = PBXGroup;
			children = (
				FA924D1F1B45D3A1003EE11E /* Info.plist */,
			);
			name = "Supporting Files";
			sourceTree = "<group>";
		};
/* End PBXGroup section */

/* Begin PBXNativeTarget section */
		FA924D001B45D3A1003EE11E /* BlocSpot */ = {
			isa = PBXNativeTarget;
			buildConfigurationList = FA924D241B45D3A2003EE11E /* Build configuration list for PBXNativeTarget "BlocSpot" */;
			buildPhases = (
				FA924CFD1B45D3A1003EE11E /* Sources */,
				FA924CFE1B45D3A1003EE11E /* Frameworks */,
				FA924CFF1B45D3A1003EE11E /* Resources */,
			);
			buildRules = (
			);
			dependencies = (
			);
			name = BlocSpot;
			productName = BlocSpot;
			productReference = FA924D011B45D3A1003EE11E /* BlocSpot.app */;
			productType = "com.apple.product-type.application";
		};
		FA924D191B45D3A1003EE11E /* BlocSpotTests */ = {
			isa = PBXNativeTarget;
			buildConfigurationList = FA924D271B45D3A2003EE11E /* Build configuration list for PBXNativeTarget "BlocSpotTests" */;
			buildPhases = (
				FA924D161B45D3A1003EE11E /* Sources */,
				FA924D171B45D3A1003EE11E /* Frameworks */,
				FA924D181B45D3A1003EE11E /* Resources */,
			);
			buildRules = (
			);
			dependencies = (
				FA924D1C1B45D3A1003EE11E /* PBXTargetDependency */,
			);
			name = BlocSpotTests;
			productName = BlocSpotTests;
			productReference = FA924D1A1B45D3A1003EE11E /* BlocSpotTests.xctest */;
			productType = "com.apple.product-type.bundle.unit-test";
		};
/* End PBXNativeTarget section */

/* Begin PBXProject section */
		FA924CF91B45D3A1003EE11E /* Project object */ = {
			isa = PBXProject;
			attributes = {
				LastUpgradeCheck = 0630;
				ORGANIZATIONNAME = blairgraphix;
				TargetAttributes = {
					FA924D001B45D3A1003EE11E = {
						CreatedOnToolsVersion = 6.3.1;
						SystemCapabilities = {
							com.apple.Maps.iOS = {
								enabled = 1;
							};
						};
					};
					FA924D191B45D3A1003EE11E = {
						CreatedOnToolsVersion = 6.3.1;
						TestTargetID = FA924D001B45D3A1003EE11E;
					};
				};
			};
			buildConfigurationList = FA924CFC1B45D3A1003EE11E /* Build configuration list for PBXProject "BlocSpot" */;
			compatibilityVersion = "Xcode 3.2";
			developmentRegion = English;
			hasScannedForEncodings = 0;
			knownRegions = (
				en,
				Base,
			);
			mainGroup = FA924CF81B45D3A1003EE11E;
			productRefGroup = FA924D021B45D3A1003EE11E /* Products */;
			projectDirPath = "";
			projectRoot = "";
			targets = (
				FA924D001B45D3A1003EE11E /* BlocSpot */,
				FA924D191B45D3A1003EE11E /* BlocSpotTests */,
			);
		};
/* End PBXProject section */

/* Begin PBXResourcesBuildPhase section */
		FA924CFF1B45D3A1003EE11E /* Resources */ = {
			isa = PBXResourcesBuildPhase;
			buildActionMask = 2147483647;
			files = (
				FA924D101B45D3A1003EE11E /* Main.storyboard in Resources */,
				FA924D151B45D3A1003EE11E /* LaunchScreen.xib in Resources */,
				FA924D121B45D3A1003EE11E /* Images.xcassets in Resources */,
			);
			runOnlyForDeploymentPostprocessing = 0;
		};
		FA924D181B45D3A1003EE11E /* Resources */ = {
			isa = PBXResourcesBuildPhase;
			buildActionMask = 2147483647;
			files = (
			);
			runOnlyForDeploymentPostprocessing = 0;
		};
/* End PBXResourcesBuildPhase section */

/* Begin PBXSourcesBuildPhase section */
		FA924CFD1B45D3A1003EE11E /* Sources */ = {
			isa = PBXSourcesBuildPhase;
			buildActionMask = 2147483647;
			files = (
				FADB40431B4C5F0600C02DA2 /* Note.m in Sources */,
				FA924D0A1B45D3A1003EE11E /* AppDelegate.m in Sources */,
				FA924D071B45D3A1003EE11E /* main.m in Sources */,
				FA924D3A1B460ADC003EE11E /* DataSource.m in Sources */,
				FA924D2C1B45D4BE003EE11E /* TableViewController.m in Sources */,
				FADB40461B4C5F6D00C02DA2 /* CategoryViewController.m in Sources */,
				FADB404F1B4C6B8D00C02DA2 /* Annotation.m in Sources */,
				FADB40401B4C5EE900C02DA2 /* Categories.m in Sources */,
				FA924D341B45DAB0003EE11E /* MapViewController.m in Sources */,
				FADB403D1B4C5EBF00C02DA2 /* Search.m in Sources */,
				FADEBCE81B544C1700D65F38 /* GoogleSearchController.m in Sources */,
				FAE3F4271B4F06D000585FF8 /* DetailViewController.m in Sources */,
			);
			runOnlyForDeploymentPostprocessing = 0;
		};
		FA924D161B45D3A1003EE11E /* Sources */ = {
			isa = PBXSourcesBuildPhase;
			buildActionMask = 2147483647;
			files = (
				FA924D211B45D3A2003EE11E /* BlocSpotTests.m in Sources */,
			);
			runOnlyForDeploymentPostprocessing = 0;
		};
/* End PBXSourcesBuildPhase section */

/* Begin PBXTargetDependency section */
		FA924D1C1B45D3A1003EE11E /* PBXTargetDependency */ = {
			isa = PBXTargetDependency;
			target = FA924D001B45D3A1003EE11E /* BlocSpot */;
			targetProxy = FA924D1B1B45D3A1003EE11E /* PBXContainerItemProxy */;
		};
/* End PBXTargetDependency section */

/* Begin PBXVariantGroup section */
		FA924D0E1B45D3A1003EE11E /* Main.storyboard */ = {
			isa = PBXVariantGroup;
			children = (
				FA924D0F1B45D3A1003EE11E /* Base */,
			);
			name = Main.storyboard;
			sourceTree = "<group>";
		};
		FA924D131B45D3A1003EE11E /* LaunchScreen.xib */ = {
			isa = PBXVariantGroup;
			children = (
				FA924D141B45D3A1003EE11E /* Base */,
			);
			name = LaunchScreen.xib;
			sourceTree = "<group>";
		};
/* End PBXVariantGroup section */

/* Begin XCBuildConfiguration section */
		FA924D221B45D3A2003EE11E /* Debug */ = {
			isa = XCBuildConfiguration;
			buildSettings = {
				ALWAYS_SEARCH_USER_PATHS = NO;
				CLANG_CXX_LANGUAGE_STANDARD = "gnu++0x";
				CLANG_CXX_LIBRARY = "libc++";
				CLANG_ENABLE_MODULES = YES;
				CLANG_ENABLE_OBJC_ARC = YES;
				CLANG_WARN_BOOL_CONVERSION = YES;
				CLANG_WARN_CONSTANT_CONVERSION = YES;
				CLANG_WARN_DIRECT_OBJC_ISA_USAGE = YES_ERROR;
				CLANG_WARN_EMPTY_BODY = YES;
				CLANG_WARN_ENUM_CONVERSION = YES;
				CLANG_WARN_INT_CONVERSION = YES;
				CLANG_WARN_OBJC_ROOT_CLASS = YES_ERROR;
				CLANG_WARN_UNREACHABLE_CODE = YES;
				CLANG_WARN__DUPLICATE_METHOD_MATCH = YES;
				"CODE_SIGN_IDENTITY[sdk=iphoneos*]" = "iPhone Developer";
				COPY_PHASE_STRIP = NO;
				DEBUG_INFORMATION_FORMAT = "dwarf-with-dsym";
				ENABLE_STRICT_OBJC_MSGSEND = YES;
				GCC_C_LANGUAGE_STANDARD = gnu99;
				GCC_DYNAMIC_NO_PIC = NO;
				GCC_NO_COMMON_BLOCKS = YES;
				GCC_OPTIMIZATION_LEVEL = 0;
				GCC_PREPROCESSOR_DEFINITIONS = (
					"DEBUG=1",
					"$(inherited)",
				);
				GCC_SYMBOLS_PRIVATE_EXTERN = NO;
				GCC_WARN_64_TO_32_BIT_CONVERSION = YES;
				GCC_WARN_ABOUT_RETURN_TYPE = YES_ERROR;
				GCC_WARN_UNDECLARED_SELECTOR = YES;
				GCC_WARN_UNINITIALIZED_AUTOS = YES_AGGRESSIVE;
				GCC_WARN_UNUSED_FUNCTION = YES;
				GCC_WARN_UNUSED_VARIABLE = YES;
				IPHONEOS_DEPLOYMENT_TARGET = 8.3;
				MTL_ENABLE_DEBUG_INFO = YES;
				ONLY_ACTIVE_ARCH = YES;
				SDKROOT = iphoneos;
				TARGETED_DEVICE_FAMILY = "1,2";
			};
			name = Debug;
		};
		FA924D231B45D3A2003EE11E /* Release */ = {
			isa = XCBuildConfiguration;
			buildSettings = {
				ALWAYS_SEARCH_USER_PATHS = NO;
				CLANG_CXX_LANGUAGE_STANDARD = "gnu++0x";
				CLANG_CXX_LIBRARY = "libc++";
				CLANG_ENABLE_MODULES = YES;
				CLANG_ENABLE_OBJC_ARC = YES;
				CLANG_WARN_BOOL_CONVERSION = YES;
				CLANG_WARN_CONSTANT_CONVERSION = YES;
				CLANG_WARN_DIRECT_OBJC_ISA_USAGE = YES_ERROR;
				CLANG_WARN_EMPTY_BODY = YES;
				CLANG_WARN_ENUM_CONVERSION = YES;
				CLANG_WARN_INT_CONVERSION = YES;
				CLANG_WARN_OBJC_ROOT_CLASS = YES_ERROR;
				CLANG_WARN_UNREACHABLE_CODE = YES;
				CLANG_WARN__DUPLICATE_METHOD_MATCH = YES;
				"CODE_SIGN_IDENTITY[sdk=iphoneos*]" = "iPhone Developer";
				COPY_PHASE_STRIP = NO;
				DEBUG_INFORMATION_FORMAT = "dwarf-with-dsym";
				ENABLE_NS_ASSERTIONS = NO;
				ENABLE_STRICT_OBJC_MSGSEND = YES;
				GCC_C_LANGUAGE_STANDARD = gnu99;
				GCC_NO_COMMON_BLOCKS = YES;
				GCC_WARN_64_TO_32_BIT_CONVERSION = YES;
				GCC_WARN_ABOUT_RETURN_TYPE = YES_ERROR;
				GCC_WARN_UNDECLARED_SELECTOR = YES;
				GCC_WARN_UNINITIALIZED_AUTOS = YES_AGGRESSIVE;
				GCC_WARN_UNUSED_FUNCTION = YES;
				GCC_WARN_UNUSED_VARIABLE = YES;
				IPHONEOS_DEPLOYMENT_TARGET = 8.3;
				MTL_ENABLE_DEBUG_INFO = NO;
				SDKROOT = iphoneos;
				TARGETED_DEVICE_FAMILY = "1,2";
				VALIDATE_PRODUCT = YES;
			};
			name = Release;
		};
		FA924D251B45D3A2003EE11E /* Debug */ = {
			isa = XCBuildConfiguration;
			buildSettings = {
				ASSETCATALOG_COMPILER_APPICON_NAME = AppIcon;
				INFOPLIST_FILE = BlocSpot/Info.plist;
				LD_RUNPATH_SEARCH_PATHS = "$(inherited) @executable_path/Frameworks";
				PRODUCT_NAME = "$(TARGET_NAME)";
			};
			name = Debug;
		};
		FA924D261B45D3A2003EE11E /* Release */ = {
			isa = XCBuildConfiguration;
			buildSettings = {
				ASSETCATALOG_COMPILER_APPICON_NAME = AppIcon;
				INFOPLIST_FILE = BlocSpot/Info.plist;
				LD_RUNPATH_SEARCH_PATHS = "$(inherited) @executable_path/Frameworks";
				PRODUCT_NAME = "$(TARGET_NAME)";
			};
			name = Release;
		};
		FA924D281B45D3A2003EE11E /* Debug */ = {
			isa = XCBuildConfiguration;
			buildSettings = {
				BUNDLE_LOADER = "$(TEST_HOST)";
				FRAMEWORK_SEARCH_PATHS = (
					"$(SDKROOT)/Developer/Library/Frameworks",
					"$(inherited)",
				);
				GCC_PREPROCESSOR_DEFINITIONS = (
					"DEBUG=1",
					"$(inherited)",
				);
				INFOPLIST_FILE = BlocSpotTests/Info.plist;
				LD_RUNPATH_SEARCH_PATHS = "$(inherited) @executable_path/Frameworks @loader_path/Frameworks";
				PRODUCT_NAME = "$(TARGET_NAME)";
				TEST_HOST = "$(BUILT_PRODUCTS_DIR)/BlocSpot.app/BlocSpot";
			};
			name = Debug;
		};
		FA924D291B45D3A2003EE11E /* Release */ = {
			isa = XCBuildConfiguration;
			buildSettings = {
				BUNDLE_LOADER = "$(TEST_HOST)";
				FRAMEWORK_SEARCH_PATHS = (
					"$(SDKROOT)/Developer/Library/Frameworks",
					"$(inherited)",
				);
				INFOPLIST_FILE = BlocSpotTests/Info.plist;
				LD_RUNPATH_SEARCH_PATHS = "$(inherited) @executable_path/Frameworks @loader_path/Frameworks";
				PRODUCT_NAME = "$(TARGET_NAME)";
				TEST_HOST = "$(BUILT_PRODUCTS_DIR)/BlocSpot.app/BlocSpot";
			};
			name = Release;
		};
/* End XCBuildConfiguration section */

/* Begin XCConfigurationList section */
		FA924CFC1B45D3A1003EE11E /* Build configuration list for PBXProject "BlocSpot" */ = {
			isa = XCConfigurationList;
			buildConfigurations = (
				FA924D221B45D3A2003EE11E /* Debug */,
				FA924D231B45D3A2003EE11E /* Release */,
			);
			defaultConfigurationIsVisible = 0;
			defaultConfigurationName = Release;
		};
		FA924D241B45D3A2003EE11E /* Build configuration list for PBXNativeTarget "BlocSpot" */ = {
			isa = XCConfigurationList;
			buildConfigurations = (
				FA924D251B45D3A2003EE11E /* Debug */,
				FA924D261B45D3A2003EE11E /* Release */,
			);
			defaultConfigurationIsVisible = 0;
			defaultConfigurationName = Release;
		};
		FA924D271B45D3A2003EE11E /* Build configuration list for PBXNativeTarget "BlocSpotTests" */ = {
			isa = XCConfigurationList;
			buildConfigurations = (
				FA924D281B45D3A2003EE11E /* Debug */,
				FA924D291B45D3A2003EE11E /* Release */,
			);
			defaultConfigurationIsVisible = 0;
			defaultConfigurationName = Release;
		};
/* End XCConfigurationList section */
	};
	rootObject = FA924CF91B45D3A1003EE11E /* Project object */;
}
